# THIS IS AN AUTOGENERATED FILE. DO NOT EDIT THIS FILE DIRECTLY.
# yarn lockfile v1


"@turf/distance@6.0.1":
  version "6.0.1"
  resolved "https://registry.yarnpkg.com/@turf/distance/-/distance-6.0.1.tgz#0761f28784286e7865a427c4e7e3593569c2dea8"
  integrity sha512-q7t7rWIWfkg7MP1Vt4uLjSEhe5rPfCO2JjpKmk7JC+QZKEQkuvHEqy3ejW1iC7Kw5ZcZNR3qdMGGz+6HnVwqvg==
  dependencies:
    "@turf/helpers" "6.x"
    "@turf/invariant" "6.x"

"@turf/helpers@6.x":
  version "6.1.4"
  resolved "https://registry.yarnpkg.com/@turf/helpers/-/helpers-6.1.4.tgz#d6fd7ebe6782dd9c87dca5559bda5c48ae4c3836"
  integrity sha512-vJvrdOZy1ngC7r3MDA7zIGSoIgyrkWcGnNIEaqn/APmw+bVLF2gAW7HIsdTxd12s5wQMqEpqIQrmrbRRZ0xC7g==

"@turf/invariant@6.x":
  version "6.1.2"
  resolved "https://registry.yarnpkg.com/@turf/invariant/-/invariant-6.1.2.tgz#6013ed6219f9ac2edada9b31e1dfa5918eb0a2f7"
  integrity sha512-WU08Ph8j0J2jVGlQCKChXoCtI50BB3yEH21V++V0T4cR1T27HKCxkehV2sYMwTierfMBgjwSwDIsxnR4/2mWXg==
  dependencies:
    "@turf/helpers" "6.x"

mapbox-gl-controls@^1.6.5:
  version "1.6.5"
  resolved "https://registry.yarnpkg.com/mapbox-gl-controls/-/mapbox-gl-controls-1.6.5.tgz#1c9846e71aeb66ccb1327966c76a9117443d09fb"
  integrity sha512-H2y/qUtoCQp3cF01/i1uftybS5Fa6eqnOqpkBR9AxGLzUoCFph6KvFsx35PZcN/fTUU75JJT3+ea1kK1olB4yw==
  dependencies:
    "@turf/distance" "6.0.1"
